// !$*UTF8*$!
{
	archiveVersion = 1;
	classes = {
	};
	objectVersion = 46;
	objects = {

/* Begin PBXBuildFile section */
		16582D961D00592C007FBB4A /* main.m in Sources */ = {isa = PBXBuildFile; fileRef = 16582D951D00592C007FBB4A /* main.m */; };
		16582D991D00592C007FBB4A /* AppDelegate.m in Sources */ = {isa = PBXBuildFile; fileRef = 16582D981D00592C007FBB4A /* AppDelegate.m */; };
		16582D9C1D00592C007FBB4A /* ViewController.m in Sources */ = {isa = PBXBuildFile; fileRef = 16582D9B1D00592C007FBB4A /* ViewController.m */; };
		16582D9F1D00592C007FBB4A /* Main.storyboard in Resources */ = {isa = PBXBuildFile; fileRef = 16582D9D1D00592C007FBB4A /* Main.storyboard */; };
		16582DA11D00592C007FBB4A /* Assets.xcassets in Resources */ = {isa = PBXBuildFile; fileRef = 16582DA01D00592C007FBB4A /* Assets.xcassets */; };
		16582DA41D00592C007FBB4A /* LaunchScreen.storyboard in Resources */ = {isa = PBXBuildFile; fileRef = 16582DA21D00592C007FBB4A /* LaunchScreen.storyboard */; };
		16582DAF1D00592C007FBB4A /* WebCommunicateTests.m in Sources */ = {isa = PBXBuildFile; fileRef = 16582DAE1D00592C007FBB4A /* WebCommunicateTests.m */; };
		16582DBA1D00592C007FBB4A /* WebCommunicateUITests.m in Sources */ = {isa = PBXBuildFile; fileRef = 16582DB91D00592C007FBB4A /* WebCommunicateUITests.m */; };
		16582DC81D00594C007FBB4A /* index.html in Resources */ = {isa = PBXBuildFile; fileRef = 16582DC71D00594C007FBB4A /* index.html */; };
/* End PBXBuildFile section
/* Begin PBXContainerItemProxy section */
		16582DAB1D00592C007FBB4A /* PBXContainerItemProxy */ = {
			isa = PBXContainerItemProxy;
			containerPortal = 16582D891D00592B007FBB4A /* Project object */;
			proxyType = 1;
			remoteGlobalIDString = 16582D901D00592B007FBB4A;
			remoteInfo = WebCommunicate;
		};
		16582DB61D00592C007FBB4A /* PBXContainerItemProxy */ = {
			isa = PBXContainerItemProxy;
			containerPortal = 16582D891D00592B007FBB4A /* Project object */;
			proxyType = 1;
			remoteGlobalIDString = 16582D901D00592B007FBB4A;
			remoteInfo = WebCommunicate;
		};
/* End PBXContainerItemProxy section */

/* Begin PBXFileReference section */
		16582D911D00592C007FBB4A /* WebCommunicate.app */ = {isa = PBXFileReference; explicitFileType = wrapper.application; includeInIndex = 0; path = WebCommunicate.app; sourceTree = BUILT_PRODUCTS_DIR; };
		16582D951D00592C007FBB4A /* main.m */ = {isa = PBXFileReference; lastKnownFileType = sourcecode.c.objc; path = main.m; sourceTree = "<group>"; };
		16582D971D00592C007FBB4A /* AppDelegate.h */ = {isa = PBXFileReference; lastKnownFileType = sourcecode.c.h; path = AppDelegate.h; sourceTree = "<group>"; };
		16582D981D00592C007FBB4A /* AppDelegate.m */ = {isa = PBXFileReference; lastKnownFileType = sourcecode.c.objc; path = AppDelegate.m; sourceTree = "<group>"; };
		16582D9A1D00592C007FBB4A /* ViewController.h */ = {isa = PBXFileReference; lastKnownFileType = sourcecode.c.h; path = ViewController.h; sourceTree = "<group>"; };
		16582D9B1D00592C007FBB4A /* ViewController.m */ = {isa = PBXFileReference; lastKnownFileType = sourcecode.c.objc; path = ViewController.m; sourceTree = "<group>"; };
		16582D9E1D00592C007FBB4A /* Base */ = {isa = PBXFileReference; lastKnownFileType = file.storyboard; name = Base; path = Base.lproj/Main.storyboard; sourceTree = "<group>"; };
		16582DA01D00592C007FBB4A /* Assets.xcassets */ = {isa = PBXFileReference; lastKnownFileType = folder.assetcatalog; path = Assets.xcassets; sourceTree = "<group>"; };
		16582DA31D00592C007FBB4A /* Base */ = {isa = PBXFileReference; lastKnownFileType = file.storyboard; name = Base; path = Base.lproj/LaunchScreen.storyboard; sourceTree = "<group>"; };
		16582DA51D00592C007FBB4A /* Info.plist */ = {isa = PBXFileReference; lastKnownFileType = text.plist.xml; path = Info.plist; sourceTree = "<group>"; };
		16582DAA1D00592C007FBB4A /* WebCommunicateTests.xctest */ = {isa = PBXFileReference; explicitFileType = wrapper.cfbundle; includeInIndex = 0; path = WebCommunicateTests.xctest; sourceTree = BUILT_PRODUCTS_DIR; };
		16582DAE1D00592C007FBB4A /* WebCommunicateTests.m */ = {isa = PBXFileReference; lastKnownFileType = sourcecode.c.objc; path = WebCommunicateTests.m; sourceTree = "<group>"; };
		16582DB01D00592C007FBB4A /* Info.plist */ = {isa = PBXFileReference; lastKnownFileType = text.plist.xml; path = Info.plist; sourceTree = "<group>"; };
		16582DB51D00592C007FBB4A /* WebCommunicateUITests.xctest */ = {isa = PBXFileReference; explicitFileType = wrapper.cfbundle; includeInIndex = 0; path = WebCommunicateUITests.xctest; sourceTree = BUILT_PRODUCTS_DIR; };
		16582DB91D00592C007FBB4A /* WebCommunicateUITests.m */ = {isa = PBXFileReference; lastKnownFileType = sourcecode.c.objc; path = WebCommunicateUITests.m; sourceTree = "<group>"; };
		16582DBB1D00592C007FBB4A /* Info.plist */ = {isa = PBXFileReference; lastKnownFileType = text.plist.xml; path = Info.plist; sourceTree = "<group>"; };
		16582DC71D00594C007FBB4A /* index.html */ = {isa = PBXFileReference; fileEncoding = 4; lastKnownFileType = text.html; path = index.html; sourceTree = "<group>"; };
/* End PBXFileReference section */

/* Begin PBXFrameworksBuildPhase section */
		16582D8E1D00592B007FBB4A /* Frameworks */ = {
			isa = PBXFrameworksBuildPhase;
			buildActionMask = 2147483647;
			files = (
			);
			runOnlyForDeploymentPostprocessing = 0;
		};
		16582DA71D00592C007FBB4A /* Frameworks */ = {
			isa = PBXFrameworksBuildPhase;
			buildActionMask = 2147483647;
			files = (
			);
			runOnlyForDeploymentPostprocessing = 0;
		};
		16582DB21D00592C007FBB4A /* Frameworks */ = {
			isa = PBXFrameworksBuildPhase;
			buildActionMask = 2147483647;
			files = (
			);
			runOnlyForDeploymentPostprocessing = 0;
		};
/* End PBXFrameworksBuildPhase section */

/* Begin PBXGroup section */
		16582D881D00592B007FBB4A = {
			isa = PBXGroup;
			children = (
				16582D931D00592C007FBB4A /* WebCommunicate */,
				16582DAD1D00592C007FBB4A /* WebCommunicateTests */,
				16582DB81D00592C007FBB4A /* WebCommunicateUITests */,
				16582D921D00592C007FBB4A /* Products */,
			);
			sourceTree = "<group>";
		};
		16582D921D00592C007FBB4A /* Products */ = {
			isa = PBXGroup;
			children = (
				16582D911D00592C007FBB4A /* WebCommunicate.app */,
				16582DAA1D00592C007FBB4A /* WebCommunicateTests.xctest */,
				16582DB51D00592C007FBB4A /* WebCommunicateUITests.xctest */,
			);
			name = Products;
			sourceTree = "<group>";
		};
		16582D931D00592C007FBB4A /* WebCommunicate */ = {
			isa = PBXGroup;
			children = (
				16582D971D00592C007FBB4A /* AppDelegate.h */,
				16582D981D00592C007FBB4A /* AppDelegate.m */,
				16582D9A1D00592C007FBB4A /* ViewController.h */,
				16582D9B1D00592C007FBB4A /* ViewController.m */,
				16582D9D1D00592C007FBB4A /* Main.storyboard */,
				16582DC71D00594C007FBB4A /* index.html */,
				16582DA01D00592C007FBB4A /* Assets.xcassets */,
				16582DA21D00592C007FBB4A /* LaunchScreen.storyboard */,
				16582DA51D00592C007FBB4A /* Info.plist */,
				16582D941D00592C007FBB4A /* Supporting Files */,
			);
			path = WebCommunicate;
			sourceTree = "<group>";
		};
		16582D941D00592C007FBB4A /* Supporting Files */ = {
			isa = PBXGroup;
			children = (
				16582D951D00592C007FBB4A /* main.m */,
			);
			name = "Supporting Files";
			sourceTree = "<group>";
		};
		16582DAD1D00592C007FBB4A /* WebCommunicateTests */ = {
			isa = PBXGroup;
			children = (
				16582DAE1D00592C007FBB4A /* WebCommunicateTests.m */,
				16582DB01D00592C007FBB4A /* Info.plist */,
			);
			path = WebCommunicateTests;
			sourceTree = "<group>";
		};
		16582DB81D00592C007FBB4A /* WebCommunicateUITests */ = {
			isa = PBXGroup;
			children = (
				16582DB91D00592C007FBB4A /* WebCommunicateUITests.m */,
				16582DBB1D00592C007FBB4A /* Info.plist */,
			);
			path = WebCommunicateUITests;
			sourceTree = "<group>";
		};
/* End PBXGroup section */

/* Begin PBXNativeTarget section */
		16582D901D00592B007FBB4A /* WebCommunicate */ = {
			isa = PBXNativeTarget;
			buildConfigurationList = 16582DBE1D00592C007FBB4A /* Build configuration list for PBXNativeTarget "WebCommunicate" */;
			buildPhases = (
				16582D8D1D00592B007FBB4A /* Sources */,
				16582D8E1D00592B007FBB4A /* Frameworks */,
				16582D8F1D00592B007FBB4A /* Resources */,
			);
			buildRules = (
			);
			dependencies = (
			);
			name = WebCommunicate;
			productName = WebCommunicate;
			productReference = 16582D911D00592C007FBB4A /* WebCommunicate.app */;
			productType = "com.apple.product-type.application";
		};
		16582DA91D00592C007FBB4A /* WebCommunicateTests */ = {
			isa = PBXNativeTarget;
			buildConfigurationList = 16582DC11D00592C007FBB4A /* Build configuration list for PBXNativeTarget "WebCommunicateTests" */;
			buildPhases = (
				16582DA61D00592C007FBB4A /* Sources */,
				16582DA71D00592C007FBB4A /* Frameworks */,
				16582DA81D00592C007FBB4A /* Resources */,
			);
			buildRules = (
			);
			dependencies = (
				16582DAC1D00592C007FBB4A /* PBXTargetDependency */,
			);
			name = WebCommunicateTests;
			productName = WebCommunicateTests;
			productReference = 16582DAA1D00592C007FBB4A /* WebCommunicateTests.xctest */;
			productType = "com.apple.product-type.bundle.unit-test";
		};
		16582DB41D00592C007FBB4A /* WebCommunicateUITests */ = {
			isa = PBXNativeTarget;
			buildConfigurationList = 16582DC41D00592C007FBB4A /* Build configuration list for PBXNativeTarget "WebCommunicateUITests" */;
			buildPhases = (
				16582DB11D00592C007FBB4A /* Sources */,
				16582DB21D00592C007FBB4A /* Frameworks */,
				16582DB31D00592C007FBB4A /* Resources */,
			);
			buildRules = (
			);
			dependencies = (
				16582DB71D00592C007FBB4A /* PBXTargetDependency */,
			);
			name = WebCommunicateUITests;
			productName = WebCommunicateUITests;
			productReference = 16582DB51D00592C007FBB4A /* WebCommunicateUITests.xctest */;
			productType = "com.apple.product-type.bundle.ui-testing";
		};
/* End PBXNativeTarget section */

/* Begin PBXProject section */
		16582D891D00592B007FBB4A /* Project object */ = {
			isa = PBXProject;
			attributes = {
				LastUpgradeCheck = 0730;
				ORGANIZATIONNAME = testbetta;
				TargetAttributes = {
					16582D901D00592B007FBB4A = {
						CreatedOnToolsVersion = 7.3.1;
					};
					16582DA91D00592C007FBB4A = {
						CreatedOnToolsVersion = 7.3.1;
						TestTargetID = 16582D901D00592B007FBB4A;
					};
					16582DB41D00592C007FBB4A = {
						CreatedOnToolsVersion = 7.3.1;
						TestTargetID = 16582D901D00592B007FBB4A;
					};
				};
			};
			buildConfigurationList = 16582D8C1D00592B007FBB4A /* Build configuration list for PBXProject "WebCommunicate" */;
			compatibilityVersion = "Xcode 3.2";
			developmentRegion = English;
			hasScannedForEncodings = 0;
			knownRegions = (
				en,
				Base,
			);
			mainGroup = 16582D881D00592B007FBB4A;
			productRefGroup = 16582D921D00592C007FBB4A /* Products */;
			projectDirPath = "";
			projectRoot = "";
			targets = (
				16582D901D00592B007FBB4A /* WebCommunicate */,
				16582DA91D00592C007FBB4A /* WebCommunicateTests */,
				16582DB41D00592C007FBB4A /* WebCommunicateUITests */,
			);
		};
/* End PBXProject section */

/* Begin PBXResourcesBuildPhase section */
		16582D8F1D00592B007FBB4A /* Resources */ = {
			isa = PBXResourcesBuildPhase;
			buildActionMask = 2147483647;
			files = (
				16582DA41D00592C007FBB4A /* LaunchScreen.storyboard in Resources */,
				16582DC81D00594C007FBB4A /* index.html in Resources */,
				16582DA11D00592C007FBB4A /* Assets.xcassets in Resources */,
				16582D9F1D00592C007FBB4A /* Main.storyboard in Resources */,
			);
			runOnlyForDeploymentPostprocessing = 0;
		};
		16582DA81D00592C007FBB4A /* Resources */ = {
			isa = PBXResourcesBuildPhase;
			buildActionMask = 2147483647;
			files = (
			);
			runOnlyForDeploymentPostprocessing = 0;
		};
		16582DB31D00592C007FBB4A /* Resources */ = {
			isa = PBXResourcesBuildPhase;
			buildActionMask = 2147483647;
			files = (
			);
			runOnlyForDeploymentPostprocessing = 0;
		};
/* End PBXResourcesBuildPhase section */

/* Begin PBXSourcesBuildPhase section */
		16582D8D1D00592B007FBB4A /* Sources */ = {
			isa = PBXSourcesBuildPhase;
			buildActionMask = 2147483647;
			files = (
				16582D9C1D00592C007FBB4A /* ViewController.m in Sources */,
				16582D991D00592C007FBB4A /* AppDelegate.m in Sources */,
				16582D961D00592C007FBB4A /* main.m in Sources */,
			);
			runOnlyForDeploymentPostprocessing = 0;
		};
		16582DA61D00592C007FBB4A /* Sources */ = {
			isa = PBXSourcesBuildPhase;
			buildActionMask = 2147483647;
			files = (
				16582DAF1D00592C007FBB4A /* WebCommunicateTests.m in Sources */,
			);
			runOnlyForDeploymentPostprocessing = 0;
		};
		16582DB11D00592C007FBB4A /* Sources */ = {
			isa = PBXSourcesBuildPhase;
			buildActionMask = 2147483647;
			files = (
				16582DBA1D00592C007FBB4A /* WebCommunicateUITests.m in Sources */,
			);
			runOnlyForDeploymentPostprocessing = 0;
		};
/* End PBXSourcesBuildPhase section */

/* Begin PBXTargetDependency section */
		16582DAC1D00592C007FBB4A /* PBXTargetDependency */ = {
			isa = PBXTargetDependency;
			target = 16582D901D00592B007FBB4A /* WebCommunicate */;
			targetProxy = 16582DAB1D00592C007FBB4A /* PBXContainerItemProxy */;
		};
		16582DB71D00592C007FBB4A /* PBXTargetDependency */ = {
			isa = PBXTargetDependency;
			target = 16582D901D00592B007FBB4A /* WebCommunicate */;
			targetProxy = 16582DB61D00592C007FBB4A /* PBXContainerItemProxy */;
		};
/* End PBXTargetDependency section */

/* Begin PBXVariantGroup section */
		16582D9D1D00592C007FBB4A /* Main.storyboard */ = {
			isa = PBXVariantGroup;
			children = (
				16582D9E1D00592C007FBB4A /* Base */,
			);
			name = Main.storyboard;
			sourceTree = "<group>";
		};
		16582DA21D00592C007FBB4A /* LaunchScreen.storyboard */ = {
			isa = PBXVariantGroup;
			children = (
				16582DA31D00592C007FBB4A /* Base */,
			);
			name = LaunchScreen.storyboard;
			sourceTree = "<group>";
		};
/* End PBXVariantGroup section */

/* Begin XCBuildConfiguration section */
		16582DBC1D00592C007FBB4A /* Debug */ = {
			isa = XCBuildConfiguration;
			buildSettings = {
				ALWAYS_SEARCH_USER_PATHS = NO;
				CLANG_ANALYZER_NONNULL = YES;
				CLANG_CXX_LANGUAGE_STANDARD = "gnu++0x";
				CLANG_CXX_LIBRARY = "libc++";
				CLANG_ENABLE_MODULES = YES;
				CLANG_ENABLE_OBJC_ARC = YES;
				CLANG_WARN_BOOL_CONVERSION = YES;
				CLANG_WARN_CONSTANT_CONVERSION = YES;
				CLANG_WARN_DIRECT_OBJC_ISA_USAGE = YES_ERROR;
				CLANG_WARN_EMPTY_BODY = YES;
				CLANG_WARN_ENUM_CONVERSION = YES;
				CLANG_WARN_INT_CONVERSION = YES;
				CLANG_WARN_OBJC_ROOT_CLASS = YES_ERROR;
				CLANG_WARN_UNREACHABLE_CODE = YES;
				CLANG_WARN__DUPLICATE_METHOD_MATCH = YES;
				"CODE_SIGN_IDENTITY[sdk=iphoneos*]" = "iPhone Developer";
				COPY_PHASE_STRIP = NO;
				DEBUG_INFORMATION_FORMAT = dwarf;
				ENABLE_STRICT_OBJC_MSGSEND = YES;
				ENABLE_TESTABILITY = YES;
				GCC_C_LANGUAGE_STANDARD = gnu99;
				GCC_DYNAMIC_NO_PIC = NO;
				GCC_NO_COMMON_BLOCKS = YES;
				GCC_OPTIMIZATION_LEVEL = 0;
				GCC_PREPROCESSOR_DEFINITIONS = (
					"DEBUG=1",
					"$(inherited)",
				);
				GCC_WARN_64_TO_32_BIT_CONVERSION = YES;
				GCC_WARN_ABOUT_RETURN_TYPE = YES_ERROR;
				GCC_WARN_UNDECLARED_SELECTOR = YES;
				GCC_WARN_UNINITIALIZED_AUTOS = YES_AGGRESSIVE;
				GCC_WARN_UNUSED_FUNCTION = YES;
				GCC_WARN_UNUSED_VARIABLE = YES;
				IPHONEOS_DEPLOYMENT_TARGET = 9.3;
				MTL_ENABLE_DEBUG_INFO = YES;
				ONLY_ACTIVE_ARCH = YES;
				SDKROOT = iphoneos;
				TARGETED_DEVICE_FAMILY = "1,2";
			};
			name = Debug;
		};
		16582DBD1D00592C007FBB4A /* Release */ = {
			isa = XCBuildConfiguration;
			buildSettings = {
				ALWAYS_SEARCH_USER_PATHS = NO;
				CLANG_ANALYZER_NONNULL = YES;
				CLANG_CXX_LANGUAGE_STANDARD = "gnu++0x";
				CLANG_CXX_LIBRARY = "libc++";
				CLANG_ENABLE_MODULES = YES;
				CLANG_ENABLE_OBJC_ARC = YES;
				CLANG_WARN_BOOL_CONVERSION = YES;
				CLANG_WARN_CONSTANT_CONVERSION = YES;
				CLANG_WARN_DIRECT_OBJC_ISA_USAGE = YES_ERROR;
				CLANG_WARN_EMPTY_BODY = YES;
				CLANG_WARN_ENUM_CONVERSION = YES;
				CLANG_WARN_INT_CONVERSION = YES;
				CLANG_WARN_OBJC_ROOT_CLASS = YES_ERROR;
				CLANG_WARN_UNREACHABLE_CODE = YES;
				CLANG_WARN__DUPLICATE_METHOD_MATCH = YES;
				"CODE_SIGN_IDENTITY[sdk=iphoneos*]" = "iPhone Developer";
				COPY_PHASE_STRIP = NO;
				DEBUG_INFORMATION_FORMAT = "dwarf-with-dsym";
				ENABLE_NS_ASSERTIONS = NO;
				ENABLE_STRICT_OBJC_MSGSEND = YES;
				GCC_C_LANGUAGE_STANDARD = gnu99;
				GCC_NO_COMMON_BLOCKS = YES;
				GCC_WARN_64_TO_32_BIT_CONVERSION = YES;
				GCC_WARN_ABOUT_RETURN_TYPE = YES_ERROR;
				GCC_WARN_UNDECLARED_SELECTOR = YES;
				GCC_WARN_UNINITIALIZED_AUTOS = YES_AGGRESSIVE;
				GCC_WARN_UNUSED_FUNCTION = YES;
				GCC_WARN_UNUSED_VARIABLE = YES;
				IPHONEOS_DEPLOYMENT_TARGET = 9.3;
				MTL_ENABLE_DEBUG_INFO = NO;
				SDKROOT = iphoneos;
				TARGETED_DEVICE_FAMILY = "1,2";
				VALIDATE_PRODUCT = YES;
			};
			name = Release;
		};
		16582DBF1D00592C007FBB4A /* Debug */ = {
			isa = XCBuildConfiguration;
			buildSettings = {
				ASSETCATALOG_COMPILER_APPICON_NAME = AppIcon;
				INFOPLIST_FILE = WebCommunicate/Info.plist;
				LD_RUNPATH_SEARCH_PATHS = "$(inherited) @executable_path/Frameworks";
				PRODUCT_BUNDLE_IDENTIFIER = com.test.WebCommunicate;
				PRODUCT_NAME = "$(TARGET_NAME)";
			};
			name = Debug;
		};
		16582DC01D00592C007FBB4A /* Release */ = {
			isa = XCBuildConfiguration;
			buildSettings = {
				ASSETCATALOG_COMPILER_APPICON_NAME = AppIcon;
				INFOPLIST_FILE = WebCommunicate/Info.plist;
				LD_RUNPATH_SEARCH_PATHS = "$(inherited) @executable_path/Frameworks";
				PRODUCT_BUNDLE_IDENTIFIER = com.test.WebCommunicate;
				PRODUCT_NAME = "$(TARGET_NAME)";
			};
			name = Release;
		};
		16582DC21D00592C007FBB4A /* Debug */ = {
			isa = XCBuildConfiguration;
			buildSettings = {
				BUNDLE_LOADER = "$(TEST_HOST)";
				INFOPLIST_FILE = WebCommunicateTests/Info.plist;
				LD_RUNPATH_SEARCH_PATHS = "$(inherited) @executable_path/Frameworks @loader_path/Frameworks";
				PRODUCT_BUNDLE_IDENTIFIER = com.test.WebCommunicateTests;
				PRODUCT_NAME = "$(TARGET_NAME)";
				TEST_HOST = "$(BUILT_PRODUCTS_DIR)/WebCommunicate.app/WebCommunicate";
			};
			name = Debug;
		};
		16582DC31D00592C007FBB4A /* Release */ = {
			isa = XCBuildConfiguration;
			buildSettings = {
				BUNDLE_LOADER = "$(TEST_HOST)";
				INFOPLIST_FILE = WebCommunicateTests/Info.plist;
				LD_RUNPATH_SEARCH_PATHS = "$(inherited) @executable_path/Frameworks @loader_path/Frameworks";
				PRODUCT_BUNDLE_IDENTIFIER = com.test.WebCommunicateTests;
				PRODUCT_NAME = "$(TARGET_NAME)";
				TEST_HOST = "$(BUILT_PRODUCTS_DIR)/WebCommunicate.app/WebCommunicate";
			};
			name = Release;
		};
		16582DC51D00592C007FBB4A /* Debug */ = {
			isa = XCBuildConfiguration;
			buildSettings = {
				INFOPLIST_FILE = WebCommunicateUITests/Info.plist;
				LD_RUNPATH_SEARCH_PATHS = "$(inherited) @executable_path/Frameworks @loader_path/Frameworks";
				PRODUCT_BUNDLE_IDENTIFIER = com.test.WebCommunicateUITests;
				PRODUCT_NAME = "$(TARGET_NAME)";
				TEST_TARGET_NAME = WebCommunicate;
			};
			name = Debug;
		};
		16582DC61D00592C007FBB4A /* Release */ = {
			isa = XCBuildConfiguration;
			buildSettings = {
				INFOPLIST_FILE = WebCommunicateUITests/Info.plist;
				LD_RUNPATH_SEARCH_PATHS = "$(inherited) @executable_path/Frameworks @loader_path/Frameworks";
				PRODUCT_BUNDLE_IDENTIFIER = com.test.WebCommunicateUITests;
				PRODUCT_NAME = "$(TARGET_NAME)";
				TEST_TARGET_NAME = WebCommunicate;
			};
			name = Release;
		};
/* End XCBuildConfiguration section */

/* Begin XCConfigurationList section */
		16582D8C1D00592B007FBB4A /* Build configuration list for PBXProject "WebCommunicate" */ = {
			isa = XCConfigurationList;
			buildConfigurations = (
				16582DBC1D00592C007FBB4A /* Debug */,
				16582DBD1D00592C007FBB4A /* Release */,
			);
			defaultConfigurationIsVisible = 0;
			defaultConfigurationName = Release;
		};
		16582DBE1D00592C007FBB4A /* Build configuration list for PBXNativeTarget "WebCommunicate" */ = {
			isa = XCConfigurationList;
			buildConfigurations = (
				16582DBF1D00592C007FBB4A /* Debug */,
				16582DC01D00592C007FBB4A /* Release */,
			);
			defaultConfigurationIsVisible = 0;
		};
		16582DC11D00592C007FBB4A /* Build configuration list for PBXNativeTarget "WebCommunicateTests" */ = {
			isa = XCConfigurationList;
			buildConfigurations = (
				16582DC21D00592C007FBB4A /* Debug */,
				16582DC31D00592C007FBB4A /* Release */,
			);
			defaultConfigurationIsVisible = 0;
		};
		16582DC41D00592C007FBB4A /* Build configuration list for PBXNativeTarget "WebCommunicateUITests" */ = {
			isa = XCConfigurationList;
			buildConfigurations = (
				16582DC51D00592C007FBB4A /* Debug */,
				16582DC61D00592C007FBB4A /* Release */,
			);
			defaultConfigurationIsVisible = 0;
		};
/* End XCConfigurationList section */
	};
	rootObject = 16582D891D00592B007FBB4A /* Project object */;
}
